
Microsoft Visual Studio Solution File, Format Version 12.00
Project("{FAE04EC0-301F-11D3-BF4B-00C04F79EFBC}") = "RaceSim", "RaceSim\RaceSim.csproj", "{250EBFCB-D5A6-4BA7-87F3-243B41CF3DEA}"
EndProject
Project("{FAE04EC0-301F-11D3-BF4B-00C04F79EFBC}") = "Windesheim", "Windesheim\Windesheim.csproj", "{05FF56F0-D461-4685-8655-412E7F476D8E}"
EndProject
Project("{FAE04EC0-301F-11D3-BF4B-00C04F79EFBC}") = "Data", "Data\Data.csproj", "{9EDF5320-D2B0-4D55-83EE-EAF0F8B2BDCF}"
EndProject
Project("{FAE04EC0-301F-11D3-BF4B-00C04F79EFBC}") = "TestExample", "TestExample\TestExample.csproj", "{279D2992-BB89-4241-8E30-BE306067BA50}"
EndProject
Project("{2150E333-8FDC-42A3-9474-1A3956D46DE8}") = "Random", "Random", "{E56E881D-F086-4C4C-B162-BE57FA38F1F1}"
EndProject
Project("{2150E333-8FDC-42A3-9474-1A3956D46DE8}") = "BAI", "BAI", "{206D92B2-B883-4E1C-877D-40B2C21B03F4}"
EndProject
Project("{FAE04EC0-301F-11D3-BF4B-00C04F79EFBC}") = "BAI-Aftekenopdracht1", "BAI-Aftekenopdracht1\BAI-Aftekenopdracht1.csproj", "{4BF43A17-7836-4DD5-A7AF-0A978A43C478}"
EndProject
Project("{FAE04EC0-301F-11D3-BF4B-00C04F79EFBC}") = "BAI-Aftekenopdracht2", "BAI-Aftekenopdracht2\BAI-Aftekenopdracht2.csproj", "{D88E2856-04DA-4153-8E91-E082F25DFB2A}"
EndProject
Global
	GlobalSection(SolutionConfigurationPlatforms) = preSolution
		Debug|Any CPU = Debug|Any CPU
		Release|Any CPU = Release|Any CPU
	EndGlobalSection
	GlobalSection(ProjectConfigurationPlatforms) = postSolution
		{250EBFCB-D5A6-4BA7-87F3-243B41CF3DEA}.Debug|Any CPU.ActiveCfg = Debug|Any CPU
		{250EBFCB-D5A6-4BA7-87F3-243B41CF3DEA}.Debug|Any CPU.Build.0 = Debug|Any CPU
		{250EBFCB-D5A6-4BA7-87F3-243B41CF3DEA}.Release|Any CPU.ActiveCfg = Release|Any CPU
		{250EBFCB-D5A6-4BA7-87F3-243B41CF3DEA}.Release|Any CPU.Build.0 = Release|Any CPU
		{05FF56F0-D461-4685-8655-412E7F476D8E}.Debug|Any CPU.ActiveCfg = Debug|Any CPU
		{05FF56F0-D461-4685-8655-412E7F476D8E}.Debug|Any CPU.Build.0 = Debug|Any CPU
		{05FF56F0-D461-4685-8655-412E7F476D8E}.Release|Any CPU.ActiveCfg = Release|Any CPU
		{05FF56F0-D461-4685-8655-412E7F476D8E}.Release|Any CPU.Build.0 = Release|Any CPU
		{9EDF5320-D2B0-4D55-83EE-EAF0F8B2BDCF}.Debug|Any CPU.ActiveCfg = Debug|Any CPU
		{9EDF5320-D2B0-4D55-83EE-EAF0F8B2BDCF}.Debug|Any CPU.Build.0 = Debug|Any CPU
		{9EDF5320-D2B0-4D55-83EE-EAF0F8B2BDCF}.Release|Any CPU.ActiveCfg = Release|Any CPU
		{9EDF5320-D2B0-4D55-83EE-EAF0F8B2BDCF}.Release|Any CPU.Build.0 = Release|Any CPU
		{279D2992-BB89-4241-8E30-BE306067BA50}.Debug|Any CPU.ActiveCfg = Debug|Any CPU
		{279D2992-BB89-4241-8E30-BE306067BA50}.Debug|Any CPU.Build.0 = Debug|Any CPU
		{279D2992-BB89-4241-8E30-BE306067BA50}.Release|Any CPU.ActiveCfg = Release|Any CPU
		{279D2992-BB89-4241-8E30-BE306067BA50}.Release|Any CPU.Build.0 = Release|Any CPU
		{4BF43A17-7836-4DD5-A7AF-0A978A43C478}.Debug|Any CPU.ActiveCfg = Debug|Any CPU
		{4BF43A17-7836-4DD5-A7AF-0A978A43C478}.Debug|Any CPU.Build.0 = Debug|Any CPU
		{4BF43A17-7836-4DD5-A7AF-0A978A43C478}.Release|Any CPU.ActiveCfg = Release|Any CPU
		{4BF43A17-7836-4DD5-A7AF-0A978A43C478}.Release|Any CPU.Build.0 = Release|Any CPU
		{D88E2856-04DA-4153-8E91-E082F25DFB2A}.Debug|Any CPU.ActiveCfg = Debug|Any CPU
		{D88E2856-04DA-4153-8E91-E082F25DFB2A}.Debug|Any CPU.Build.0 = Debug|Any CPU
		{D88E2856-04DA-4153-8E91-E082F25DFB2A}.Release|Any CPU.ActiveCfg = Release|Any CPU
		{D88E2856-04DA-4153-8E91-E082F25DFB2A}.Release|Any CPU.Build.0 = Release|Any CPU
	EndGlobalSection
	GlobalSection(NestedProjects) = preSolution
		{9EDF5320-D2B0-4D55-83EE-EAF0F8B2BDCF} = {E56E881D-F086-4C4C-B162-BE57FA38F1F1}
		{279D2992-BB89-4241-8E30-BE306067BA50} = {E56E881D-F086-4C4C-B162-BE57FA38F1F1}
		{4BF43A17-7836-4DD5-A7AF-0A978A43C478} = {206D92B2-B883-4E1C-877D-40B2C21B03F4}
		{D88E2856-04DA-4153-8E91-E082F25DFB2A} = {206D92B2-B883-4E1C-877D-40B2C21B03F4}
	EndGlobalSection
EndGlobal
