
Microsoft Visual Studio Solution File, Format Version 12.00
Project("{FAE04EC0-301F-11D3-BF4B-00C04F79EFBC}") = "RaceSim", "RaceSim\RaceSim.csproj", "{250EBFCB-D5A6-4BA7-87F3-243B41CF3DEA}"
EndProject
Project("{FAE04EC0-301F-11D3-BF4B-00C04F79EFBC}") = "Windesheim", "Windesheim\Windesheim.csproj", "{05FF56F0-D461-4685-8655-412E7F476D8E}"
EndProject
Project("{FAE04EC0-301F-11D3-BF4B-00C04F79EFBC}") = "Data", "Data\Data.csproj", "{9EDF5320-D2B0-4D55-83EE-EAF0F8B2BDCF}"
EndProject
Project("{FAE04EC0-301F-11D3-BF4B-00C04F79EFBC}") = "TestExample", "TestExample\TestExample.csproj", "{279D2992-BB89-4241-8E30-BE306067BA50}"
EndProject
Project("{2150E333-8FDC-42A3-9474-1A3956D46DE8}") = "Random", "Random", "{E56E881D-F086-4C4C-B162-BE57FA38F1F1}"
EndProject
Project("{2150E333-8FDC-42A3-9474-1A3956D46DE8}") = "BAI-Aftekenopdrachten", "BAI-Aftekenopdrachten", "{206D92B2-B883-4E1C-877D-40B2C21B03F4}"
EndProject
Project("{FAE04EC0-301F-11D3-BF4B-00C04F79EFBC}") = "BAI-Aftekenopdracht1", "BAI-Aftekenopdracht1\BAI-Aftekenopdracht1.csproj", "{4BF43A17-7836-4DD5-A7AF-0A978A43C478}"
EndProject
Project("{FAE04EC0-301F-11D3-BF4B-00C04F79EFBC}") = "BAI-Aftekenopdracht2", "BAI-Aftekenopdracht2\BAI-Aftekenopdracht2.csproj", "{D88E2856-04DA-4153-8E91-E082F25DFB2A}"
EndProject
Project("{2150E333-8FDC-42A3-9474-1A3956D46DE8}") = "BAI", "BAI", "{DFB253DE-9510-483B-91D5-E8DEA2D9451A}"
EndProject
Project("{FAE04EC0-301F-11D3-BF4B-00C04F79EFBC}") = "Algoritmiek", "BAI\Algoritmiek\Algoritmiek.csproj", "{6CAFB31C-63CF-49ED-B1B2-B313EDA3E276}"
EndProject
Project("{2150E333-8FDC-42A3-9474-1A3956D46DE8}") = "WindesheimLessen", "WindesheimLessen", "{A4174ECC-228F-4256-8A99-E8B366B1B25F}"
EndProject
Project("{FAE04EC0-301F-11D3-BF4B-00C04F79EFBC}") = "Les5B", "Les5B\Les5B.csproj", "{81AE5388-B3C8-4F13-91AB-1625CE726C8D}"
EndProject
Project("{2150E333-8FDC-42A3-9474-1A3956D46DE8}") = "Oefentoetsen", "Oefentoetsen", "{D669B70D-EDF3-46F8-A14E-405F6E0D91A1}"
EndProject
Project("{FAE04EC0-301F-11D3-BF4B-00C04F79EFBC}") = "Oefentoets", "Oefentoets\Oefentoets.csproj", "{B5E2071A-952D-4CC5-A213-62AFF595DF4A}"
EndProject
Project("{FAE04EC0-301F-11D3-BF4B-00C04F79EFBC}") = "Oefenpracticum", "Oefenpracticum\Oefenpracticum.csproj", "{97FF1757-2DE2-4ECF-8E92-A31A2B017DEB}"
EndProject
Project("{FAE04EC0-301F-11D3-BF4B-00C04F79EFBC}") = "Tests-BAI1", "Tests-BAI1\Tests-BAI1.csproj", "{64AFC4F9-B607-4C4F-8DD1-B8EAA778EBE0}"
EndProject
Global
	GlobalSection(SolutionConfigurationPlatforms) = preSolution
		Debug|Any CPU = Debug|Any CPU
		Release|Any CPU = Release|Any CPU
	EndGlobalSection
	GlobalSection(ProjectConfigurationPlatforms) = postSolution
		{250EBFCB-D5A6-4BA7-87F3-243B41CF3DEA}.Debug|Any CPU.ActiveCfg = Debug|Any CPU
		{250EBFCB-D5A6-4BA7-87F3-243B41CF3DEA}.Debug|Any CPU.Build.0 = Debug|Any CPU
		{250EBFCB-D5A6-4BA7-87F3-243B41CF3DEA}.Release|Any CPU.ActiveCfg = Release|Any CPU
		{250EBFCB-D5A6-4BA7-87F3-243B41CF3DEA}.Release|Any CPU.Build.0 = Release|Any CPU
		{05FF56F0-D461-4685-8655-412E7F476D8E}.Debug|Any CPU.ActiveCfg = Debug|Any CPU
		{05FF56F0-D461-4685-8655-412E7F476D8E}.Debug|Any CPU.Build.0 = Debug|Any CPU
		{05FF56F0-D461-4685-8655-412E7F476D8E}.Release|Any CPU.ActiveCfg = Release|Any CPU
		{05FF56F0-D461-4685-8655-412E7F476D8E}.Release|Any CPU.Build.0 = Release|Any CPU
		{9EDF5320-D2B0-4D55-83EE-EAF0F8B2BDCF}.Debug|Any CPU.ActiveCfg = Debug|Any CPU
		{9EDF5320-D2B0-4D55-83EE-EAF0F8B2BDCF}.Debug|Any CPU.Build.0 = Debug|Any CPU
		{9EDF5320-D2B0-4D55-83EE-EAF0F8B2BDCF}.Release|Any CPU.ActiveCfg = Release|Any CPU
		{9EDF5320-D2B0-4D55-83EE-EAF0F8B2BDCF}.Release|Any CPU.Build.0 = Release|Any CPU
		{279D2992-BB89-4241-8E30-BE306067BA50}.Debug|Any CPU.ActiveCfg = Debug|Any CPU
		{279D2992-BB89-4241-8E30-BE306067BA50}.Debug|Any CPU.Build.0 = Debug|Any CPU
		{279D2992-BB89-4241-8E30-BE306067BA50}.Release|Any CPU.ActiveCfg = Release|Any CPU
		{279D2992-BB89-4241-8E30-BE306067BA50}.Release|Any CPU.Build.0 = Release|Any CPU
		{4BF43A17-7836-4DD5-A7AF-0A978A43C478}.Debug|Any CPU.ActiveCfg = Debug|Any CPU
		{4BF43A17-7836-4DD5-A7AF-0A978A43C478}.Debug|Any CPU.Build.0 = Debug|Any CPU
		{4BF43A17-7836-4DD5-A7AF-0A978A43C478}.Release|Any CPU.ActiveCfg = Release|Any CPU
		{4BF43A17-7836-4DD5-A7AF-0A978A43C478}.Release|Any CPU.Build.0 = Release|Any CPU
		{D88E2856-04DA-4153-8E91-E082F25DFB2A}.Debug|Any CPU.ActiveCfg = Debug|Any CPU
		{D88E2856-04DA-4153-8E91-E082F25DFB2A}.Debug|Any CPU.Build.0 = Debug|Any CPU
		{D88E2856-04DA-4153-8E91-E082F25DFB2A}.Release|Any CPU.ActiveCfg = Release|Any CPU
		{D88E2856-04DA-4153-8E91-E082F25DFB2A}.Release|Any CPU.Build.0 = Release|Any CPU
		{6CAFB31C-63CF-49ED-B1B2-B313EDA3E276}.Debug|Any CPU.ActiveCfg = Debug|Any CPU
		{6CAFB31C-63CF-49ED-B1B2-B313EDA3E276}.Debug|Any CPU.Build.0 = Debug|Any CPU
		{6CAFB31C-63CF-49ED-B1B2-B313EDA3E276}.Release|Any CPU.ActiveCfg = Release|Any CPU
		{6CAFB31C-63CF-49ED-B1B2-B313EDA3E276}.Release|Any CPU.Build.0 = Release|Any CPU
		{81AE5388-B3C8-4F13-91AB-1625CE726C8D}.Debug|Any CPU.ActiveCfg = Debug|Any CPU
		{81AE5388-B3C8-4F13-91AB-1625CE726C8D}.Debug|Any CPU.Build.0 = Debug|Any CPU
		{81AE5388-B3C8-4F13-91AB-1625CE726C8D}.Release|Any CPU.ActiveCfg = Release|Any CPU
		{81AE5388-B3C8-4F13-91AB-1625CE726C8D}.Release|Any CPU.Build.0 = Release|Any CPU
		{B5E2071A-952D-4CC5-A213-62AFF595DF4A}.Debug|Any CPU.ActiveCfg = Debug|Any CPU
		{B5E2071A-952D-4CC5-A213-62AFF595DF4A}.Debug|Any CPU.Build.0 = Debug|Any CPU
		{B5E2071A-952D-4CC5-A213-62AFF595DF4A}.Release|Any CPU.ActiveCfg = Release|Any CPU
		{B5E2071A-952D-4CC5-A213-62AFF595DF4A}.Release|Any CPU.Build.0 = Release|Any CPU
		{97FF1757-2DE2-4ECF-8E92-A31A2B017DEB}.Debug|Any CPU.ActiveCfg = Debug|Any CPU
		{97FF1757-2DE2-4ECF-8E92-A31A2B017DEB}.Debug|Any CPU.Build.0 = Debug|Any CPU
		{97FF1757-2DE2-4ECF-8E92-A31A2B017DEB}.Release|Any CPU.ActiveCfg = Release|Any CPU
		{97FF1757-2DE2-4ECF-8E92-A31A2B017DEB}.Release|Any CPU.Build.0 = Release|Any CPU
		{64AFC4F9-B607-4C4F-8DD1-B8EAA778EBE0}.Debug|Any CPU.ActiveCfg = Debug|Any CPU
		{64AFC4F9-B607-4C4F-8DD1-B8EAA778EBE0}.Debug|Any CPU.Build.0 = Debug|Any CPU
		{64AFC4F9-B607-4C4F-8DD1-B8EAA778EBE0}.Release|Any CPU.ActiveCfg = Release|Any CPU
		{64AFC4F9-B607-4C4F-8DD1-B8EAA778EBE0}.Release|Any CPU.Build.0 = Release|Any CPU
	EndGlobalSection
	GlobalSection(NestedProjects) = preSolution
		{9EDF5320-D2B0-4D55-83EE-EAF0F8B2BDCF} = {E56E881D-F086-4C4C-B162-BE57FA38F1F1}
		{279D2992-BB89-4241-8E30-BE306067BA50} = {E56E881D-F086-4C4C-B162-BE57FA38F1F1}
		{4BF43A17-7836-4DD5-A7AF-0A978A43C478} = {206D92B2-B883-4E1C-877D-40B2C21B03F4}
		{D88E2856-04DA-4153-8E91-E082F25DFB2A} = {206D92B2-B883-4E1C-877D-40B2C21B03F4}
		{6CAFB31C-63CF-49ED-B1B2-B313EDA3E276} = {DFB253DE-9510-483B-91D5-E8DEA2D9451A}
		{81AE5388-B3C8-4F13-91AB-1625CE726C8D} = {A4174ECC-228F-4256-8A99-E8B366B1B25F}
		{B5E2071A-952D-4CC5-A213-62AFF595DF4A} = {D669B70D-EDF3-46F8-A14E-405F6E0D91A1}
		{97FF1757-2DE2-4ECF-8E92-A31A2B017DEB} = {D669B70D-EDF3-46F8-A14E-405F6E0D91A1}
		{64AFC4F9-B607-4C4F-8DD1-B8EAA778EBE0} = {206D92B2-B883-4E1C-877D-40B2C21B03F4}
	EndGlobalSection
EndGlobal
